GEM
  remote: https://rubygems.org/
  specs:
    bigdecimal (4.1.2)
    csv (3.3.5)
    fast-polylines (2.2.0)
    httparty (0.24.2)
      csv
      mini_mime (>= 1.0.0)
      multi_xml (>= 0.5.2)
    mini_mime (1.1.5)
    multi_xml (0.8.1)
      bigdecimal (>= 3.1, < 5)

PLATFORMS
  x64-mingw32
  x86_64-linux

DEPENDENCIES
  fast-polylines
  httparty (>= 0.21.0)

BUNDLED WITH
   2.6.9
